
Microsoft Visual Studio Solution File, Format Version 11.00
# Visual Studio 2010
Project("{FAE04EC0-301F-11D3-BF4B-00C04F79EFBC}") = "VuforiaScripts", "VuforiaScripts.csproj", "{EA2B3762-A938-75DD-D5EB-9F4611B2C567}"
EndProject
Project("{FAE04EC0-301F-11D3-BF4B-00C04F79EFBC}") = "VuforiaEditorScripts", "VuforiaEditorScripts.csproj", "{E38991A4-2522-83F7-1E97-8367FBFC4391}"
EndProject
Global
	GlobalSection(SolutionConfigurationPlatforms) = preSolution
		Debug|Any CPU = Debug|Any CPU
		Release|Any CPU = Release|Any CPU
	EndGlobalSection
	GlobalSection(ProjectConfigurationPlatforms) = postSolution
		{EA2B3762-A938-75DD-D5EB-9F4611B2C567}.Debug|Any CPU.ActiveCfg = Debug|Any CPU
		{EA2B3762-A938-75DD-D5EB-9F4611B2C567}.Debug|Any CPU.Build.0 = Debug|Any CPU
		{EA2B3762-A938-75DD-D5EB-9F4611B2C567}.Release|Any CPU.ActiveCfg = Release|Any CPU
		{EA2B3762-A938-75DD-D5EB-9F4611B2C567}.Release|Any CPU.Build.0 = Release|Any CPU
		{E38991A4-2522-83F7-1E97-8367FBFC4391}.Debug|Any CPU.ActiveCfg = Debug|Any CPU
		{E38991A4-2522-83F7-1E97-8367FBFC4391}.Debug|Any CPU.Build.0 = Debug|Any CPU
		{E38991A4-2522-83F7-1E97-8367FBFC4391}.Release|Any CPU.ActiveCfg = Release|Any CPU
		{E38991A4-2522-83F7-1E97-8367FBFC4391}.Release|Any CPU.Build.0 = Release|Any CPU
	EndGlobalSection
	GlobalSection(SolutionProperties) = preSolution
		HideSolutionNode = FALSE
	EndGlobalSection
	GlobalSection(MonoDevelopProperties) = preSolution
		StartupItem = Assembly-CSharp.csproj
	EndGlobalSection
EndGlobal
